
Microsoft Visual Studio Solution File, Format Version 12.00
# Visual Studio Version 17
VisualStudioVersion = 17.14.36109.1 d17.14
MinimumVisualStudioVersion = 10.0.40219.1
Project("{FAE04EC0-301F-11D3-BF4B-00C04F79EFBC}") = "WebAppEjemplo", "WebAppEjemplo.csproj", "{01A837DE-235E-4126-818F-51132E82A0FE}"
EndProject
Global
	GlobalSection(SolutionConfigurationPlatforms) = preSolution
		Debug|Any CPU = Debug|Any CPU
		Release|Any CPU = Release|Any CPU
	EndGlobalSection
	GlobalSection(ProjectConfigurationPlatforms) = postSolution
		{01A837DE-235E-4126-818F-51132E82A0FE}.Debug|Any CPU.ActiveCfg = Debug|Any CPU
		{01A837DE-235E-4126-818F-51132E82A0FE}.Debug|Any CPU.Build.0 = Debug|Any CPU
		{01A837DE-235E-4126-818F-51132E82A0FE}.Release|Any CPU.ActiveCfg = Release|Any CPU
		{01A837DE-235E-4126-818F-51132E82A0FE}.Release|Any CPU.Build.0 = Release|Any CPU
	EndGlobalSection
	GlobalSection(SolutionProperties) = preSolution
		HideSolutionNode = FALSE
	EndGlobalSection
	GlobalSection(ExtensibilityGlobals) = postSolution
		SolutionGuid = {44E1720E-5832-466A-B571-4C65A589D712}
	EndGlobalSection
EndGlobal
